// !$*UTF8*$!
{
	archiveVersion = 1;
	classes = {
	};
	objectVersion = 50;
	objects = {

/* Begin PBXBuildFile section */
		8EA04715229FAEC5001205A1 /* AppDelegate.swift in Sources */ = {isa = PBXBuildFile; fileRef = 8EA04714229FAEC5001205A1 /* AppDelegate.swift */; };
		8EA04717229FAEC5001205A1 /* ViewController.swift in Sources */ = {isa = PBXBuildFile; fileRef = 8EA04716229FAEC5001205A1 /* ViewController.swift */; };
		8EA0471A229FAEC5001205A1 /* Main.storyboard in Resources */ = {isa = PBXBuildFile; fileRef = 8EA04718229FAEC5001205A1 /* Main.storyboard */; };
		8EA0471C229FAEC6001205A1 /* Assets.xcassets in Resources */ = {isa = PBXBuildFile; fileRef = 8EA0471B229FAEC6001205A1 /* Assets.xcassets */; };
		8EA0471F229FAEC6001205A1 /* LaunchScreen.storyboard in Resources */ = {isa = PBXBuildFile; fileRef = 8EA0471D229FAEC6001205A1 /* LaunchScreen.storyboard */; };
		8EA0472A229FAEC6001205A1 /* BWUITests.swift in Sources */ = {isa = PBXBuildFile; fileRef = 8EA04729229FAEC6001205A1 /* BWUITests.swift */; };
		8EA04735229FAEC6001205A1 /* BWUIUITests.swift in Sources */ = {isa = PBXBuildFile; fileRef = 8EA04734229FAEC6001205A1 /* BWUIUITests.swift */; };
		98AC5AAE229FB19A00A4A644 /* Register.storyboard in Resources */ = {isa = PBXBuildFile; fileRef = 98AC5AAD229FB19A00A4A644 /* Register.storyboard */; };
		98AC5AB0229FB63A00A4A644 /* RegisterDetailsVC.swift in Sources */ = {isa = PBXBuildFile; fileRef = 98AC5AAF229FB63A00A4A644 /* RegisterDetailsVC.swift */; };
		98AC5AB2229FD9CC00A4A644 /* BWRegisterVC.swift in Sources */ = {isa = PBXBuildFile; fileRef = 98AC5AB1229FD9CC00A4A644 /* BWRegisterVC.swift */; };
		98AC5AB4229FDC9200A4A644 /* Color.xcassets in Resources */ = {isa = PBXBuildFile; fileRef = 98AC5AB3229FDC9200A4A644 /* Color.xcassets */; };
/* End PBXBuildFile section */

/* Begin PBXContainerItemProxy section */
		8EA04726229FAEC6001205A1 /* PBXContainerItemProxy */ = {
			isa = PBXContainerItemProxy;
			containerPortal = 8EA04709229FAEC5001205A1 /* Project object */;
			proxyType = 1;
			remoteGlobalIDString = 8EA04710229FAEC5001205A1;
			remoteInfo = BWUI;
		};
		8EA04731229FAEC6001205A1 /* PBXContainerItemProxy */ = {
			isa = PBXContainerItemProxy;
			containerPortal = 8EA04709229FAEC5001205A1 /* Project object */;
			proxyType = 1;
			remoteGlobalIDString = 8EA04710229FAEC5001205A1;
			remoteInfo = BWUI;
		};
/* End PBXContainerItemProxy section */

/* Begin PBXFileReference section */
		8EA04711229FAEC5001205A1 /* BWUI.app */ = {isa = PBXFileReference; explicitFileType = wrapper.application; includeInIndex = 0; path = BWUI.app; sourceTree = BUILT_PRODUCTS_DIR; };
		8EA04714229FAEC5001205A1 /* AppDelegate.swift */ = {isa = PBXFileReference; lastKnownFileType = sourcecode.swift; path = AppDelegate.swift; sourceTree = "<group>"; };
		8EA04716229FAEC5001205A1 /* ViewController.swift */ = {isa = PBXFileReference; lastKnownFileType = sourcecode.swift; path = ViewController.swift; sourceTree = "<group>"; };
		8EA04719229FAEC5001205A1 /* Base */ = {isa = PBXFileReference; lastKnownFileType = file.storyboard; name = Base; path = Base.lproj/Main.storyboard; sourceTree = "<group>"; };
		8EA0471B229FAEC6001205A1 /* Assets.xcassets */ = {isa = PBXFileReference; lastKnownFileType = folder.assetcatalog; path = Assets.xcassets; sourceTree = "<group>"; };
		8EA0471E229FAEC6001205A1 /* Base */ = {isa = PBXFileReference; lastKnownFileType = file.storyboard; name = Base; path = Base.lproj/LaunchScreen.storyboard; sourceTree = "<group>"; };
		8EA04720229FAEC6001205A1 /* Info.plist */ = {isa = PBXFileReference; lastKnownFileType = text.plist.xml; path = Info.plist; sourceTree = "<group>"; };
		8EA04725229FAEC6001205A1 /* BWUITests.xctest */ = {isa = PBXFileReference; explicitFileType = wrapper.cfbundle; includeInIndex = 0; path = BWUITests.xctest; sourceTree = BUILT_PRODUCTS_DIR; };
		8EA04729229FAEC6001205A1 /* BWUITests.swift */ = {isa = PBXFileReference; lastKnownFileType = sourcecode.swift; path = BWUITests.swift; sourceTree = "<group>"; };
		8EA0472B229FAEC6001205A1 /* Info.plist */ = {isa = PBXFileReference; lastKnownFileType = text.plist.xml; path = Info.plist; sourceTree = "<group>"; };
		8EA04730229FAEC6001205A1 /* BWUIUITests.xctest */ = {isa = PBXFileReference; explicitFileType = wrapper.cfbundle; includeInIndex = 0; path = BWUIUITests.xctest; sourceTree = BUILT_PRODUCTS_DIR; };
		8EA04734229FAEC6001205A1 /* BWUIUITests.swift */ = {isa = PBXFileReference; lastKnownFileType = sourcecode.swift; path = BWUIUITests.swift; sourceTree = "<group>"; };
		8EA04736229FAEC6001205A1 /* Info.plist */ = {isa = PBXFileReference; lastKnownFileType = text.plist.xml; path = Info.plist; sourceTree = "<group>"; };
		98AC5AAD229FB19A00A4A644 /* Register.storyboard */ = {isa = PBXFileReference; lastKnownFileType = file.storyboard; path = Register.storyboard; sourceTree = "<group>"; };
		98AC5AAF229FB63A00A4A644 /* RegisterDetailsVC.swift */ = {isa = PBXFileReference; lastKnownFileType = sourcecode.swift; path = RegisterDetailsVC.swift; sourceTree = "<group>"; };
		98AC5AB1229FD9CC00A4A644 /* BWRegisterVC.swift */ = {isa = PBXFileReference; lastKnownFileType = sourcecode.swift; path = BWRegisterVC.swift; sourceTree = "<group>"; };
		98AC5AB3229FDC9200A4A644 /* Color.xcassets */ = {isa = PBXFileReference; lastKnownFileType = folder.assetcatalog; path = Color.xcassets; sourceTree = "<group>"; };
/* End PBXFileReference section */

/* Begin PBXFrameworksBuildPhase section */
		8EA0470E229FAEC5001205A1 /* Frameworks */ = {
			isa = PBXFrameworksBuildPhase;
			buildActionMask = 2147483647;
			files = (
			);
			runOnlyForDeploymentPostprocessing = 0;
		};
		8EA04722229FAEC6001205A1 /* Frameworks */ = {
			isa = PBXFrameworksBuildPhase;
			buildActionMask = 2147483647;
			files = (
			);
			runOnlyForDeploymentPostprocessing = 0;
		};
		8EA0472D229FAEC6001205A1 /* Frameworks */ = {
			isa = PBXFrameworksBuildPhase;
			buildActionMask = 2147483647;
			files = (
			);
			runOnlyForDeploymentPostprocessing = 0;
		};
/* End PBXFrameworksBuildPhase section */

/* Begin PBXGroup section */
		8EA04708229FAEC5001205A1 = {
			isa = PBXGroup;
			children = (
				8EA04713229FAEC5001205A1 /* BWUI */,
				8EA04728229FAEC6001205A1 /* BWUITests */,
				8EA04733229FAEC6001205A1 /* BWUIUITests */,
				8EA04712229FAEC5001205A1 /* Products */,
			);
			sourceTree = "<group>";
		};
		8EA04712229FAEC5001205A1 /* Products */ = {
			isa = PBXGroup;
			children = (
				8EA04711229FAEC5001205A1 /* BWUI.app */,
				8EA04725229FAEC6001205A1 /* BWUITests.xctest */,
				8EA04730229FAEC6001205A1 /* BWUIUITests.xctest */,
			);
			name = Products;
			sourceTree = "<group>";
		};
		8EA04713229FAEC5001205A1 /* BWUI */ = {
			isa = PBXGroup;
			children = (
				8EA04714229FAEC5001205A1 /* AppDelegate.swift */,
				8EA04716229FAEC5001205A1 /* ViewController.swift */,
				98AC5AAF229FB63A00A4A644 /* RegisterDetailsVC.swift */,
				98AC5AB1229FD9CC00A4A644 /* BWRegisterVC.swift */,
				8EA04718229FAEC5001205A1 /* Main.storyboard */,
				98AC5AAD229FB19A00A4A644 /* Register.storyboard */,
				8EA0471B229FAEC6001205A1 /* Assets.xcassets */,
				98AC5AB3229FDC9200A4A644 /* Color.xcassets */,
				8EA0471D229FAEC6001205A1 /* LaunchScreen.storyboard */,
				8EA04720229FAEC6001205A1 /* Info.plist */,
			);
			path = BWUI;
			sourceTree = "<group>";
		};
		8EA04728229FAEC6001205A1 /* BWUITests */ = {
			isa = PBXGroup;
			children = (
				8EA04729229FAEC6001205A1 /* BWUITests.swift */,
				8EA0472B229FAEC6001205A1 /* Info.plist */,
			);
			path = BWUITests;
			sourceTree = "<group>";
		};
		8EA04733229FAEC6001205A1 /* BWUIUITests */ = {
			isa = PBXGroup;
			children = (
				8EA04734229FAEC6001205A1 /* BWUIUITests.swift */,
				8EA04736229FAEC6001205A1 /* Info.plist */,
			);
			path = BWUIUITests;
			sourceTree = "<group>";
		};
/* End PBXGroup section */

/* Begin PBXNativeTarget section */
		8EA04710229FAEC5001205A1 /* BWUI */ = {
			isa = PBXNativeTarget;
			buildConfigurationList = 8EA04739229FAEC6001205A1 /* Build configuration list for PBXNativeTarget "BWUI" */;
			buildPhases = (
				8EA0470D229FAEC5001205A1 /* Sources */,
				8EA0470E229FAEC5001205A1 /* Frameworks */,
				8EA0470F229FAEC5001205A1 /* Resources */,
			);
			buildRules = (
			);
			dependencies = (
			);
			name = BWUI;
			productName = BWUI;
			productReference = 8EA04711229FAEC5001205A1 /* BWUI.app */;
			productType = "com.apple.product-type.application";
		};
		8EA04724229FAEC6001205A1 /* BWUITests */ = {
			isa = PBXNativeTarget;
			buildConfigurationList = 8EA0473C229FAEC6001205A1 /* Build configuration list for PBXNativeTarget "BWUITests" */;
			buildPhases = (
				8EA04721229FAEC6001205A1 /* Sources */,
				8EA04722229FAEC6001205A1 /* Frameworks */,
				8EA04723229FAEC6001205A1 /* Resources */,
			);
			buildRules = (
			);
			dependencies = (
				8EA04727229FAEC6001205A1 /* PBXTargetDependency */,
			);
			name = BWUITests;
			productName = BWUITests;
			productReference = 8EA04725229FAEC6001205A1 /* BWUITests.xctest */;
			productType = "com.apple.product-type.bundle.unit-test";
		};
		8EA0472F229FAEC6001205A1 /* BWUIUITests */ = {
			isa = PBXNativeTarget;
			buildConfigurationList = 8EA0473F229FAEC6001205A1 /* Build configuration list for PBXNativeTarget "BWUIUITests" */;
			buildPhases = (
				8EA0472C229FAEC6001205A1 /* Sources */,
				8EA0472D229FAEC6001205A1 /* Frameworks */,
				8EA0472E229FAEC6001205A1 /* Resources */,
			);
			buildRules = (
			);
			dependencies = (
				8EA04732229FAEC6001205A1 /* PBXTargetDependency */,
			);
			name = BWUIUITests;
			productName = BWUIUITests;
			productReference = 8EA04730229FAEC6001205A1 /* BWUIUITests.xctest */;
			productType = "com.apple.product-type.bundle.ui-testing";
		};
/* End PBXNativeTarget section */

/* Begin PBXProject section */
		8EA04709229FAEC5001205A1 /* Project object */ = {
			isa = PBXProject;
			attributes = {
				LastSwiftUpdateCheck = 1010;
				LastUpgradeCheck = 1010;
				ORGANIZATIONNAME = "Jaiswal, Akash";
				TargetAttributes = {
					8EA04710229FAEC5001205A1 = {
						CreatedOnToolsVersion = 10.1;
					};
					8EA04724229FAEC6001205A1 = {
						CreatedOnToolsVersion = 10.1;
						TestTargetID = 8EA04710229FAEC5001205A1;
					};
					8EA0472F229FAEC6001205A1 = {
						CreatedOnToolsVersion = 10.1;
						TestTargetID = 8EA04710229FAEC5001205A1;
					};
				};
			};
			buildConfigurationList = 8EA0470C229FAEC5001205A1 /* Build configuration list for PBXProject "BWUI" */;
			compatibilityVersion = "Xcode 9.3";
			developmentRegion = en;
			hasScannedForEncodings = 0;
			knownRegions = (
				en,
				Base,
			);
			mainGroup = 8EA04708229FAEC5001205A1;
			productRefGroup = 8EA04712229FAEC5001205A1 /* Products */;
			projectDirPath = "";
			projectRoot = "";
			targets = (
				8EA04710229FAEC5001205A1 /* BWUI */,
				8EA04724229FAEC6001205A1 /* BWUITests */,
				8EA0472F229FAEC6001205A1 /* BWUIUITests */,
			);
		};
/* End PBXProject section */

/* Begin PBXResourcesBuildPhase section */
		8EA0470F229FAEC5001205A1 /* Resources */ = {
			isa = PBXResourcesBuildPhase;
			buildActionMask = 2147483647;
			files = (
				8EA0471F229FAEC6001205A1 /* LaunchScreen.storyboard in Resources */,
				8EA0471C229FAEC6001205A1 /* Assets.xcassets in Resources */,
				98AC5AB4229FDC9200A4A644 /* Color.xcassets in Resources */,
				8EA0471A229FAEC5001205A1 /* Main.storyboard in Resources */,
				98AC5AAE229FB19A00A4A644 /* Register.storyboard in Resources */,
			);
			runOnlyForDeploymentPostprocessing = 0;
		};
		8EA04723229FAEC6001205A1 /* Resources */ = {
			isa = PBXResourcesBuildPhase;
			buildActionMask = 2147483647;
			files = (
			);
			runOnlyForDeploymentPostprocessing = 0;
		};
		8EA0472E229FAEC6001205A1 /* Resources */ = {
			isa = PBXResourcesBuildPhase;
			buildActionMask = 2147483647;
			files = (
			);
			runOnlyForDeploymentPostprocessing = 0;
		};
/* End PBXResourcesBuildPhase section */

/* Begin PBXSourcesBuildPhase section */
		8EA0470D229FAEC5001205A1 /* Sources */ = {
			isa = PBXSourcesBuildPhase;
			buildActionMask = 2147483647;
			files = (
				98AC5AB2229FD9CC00A4A644 /* BWRegisterVC.swift in Sources */,
				98AC5AB0229FB63A00A4A644 /* RegisterDetailsVC.swift in Sources */,
				8EA04717229FAEC5001205A1 /* ViewController.swift in Sources */,
				8EA04715229FAEC5001205A1 /* AppDelegate.swift in Sources */,
			);
			runOnlyForDeploymentPostprocessing = 0;
		};
		8EA04721229FAEC6001205A1 /* Sources */ = {
			isa = PBXSourcesBuildPhase;
			buildActionMask = 2147483647;
			files = (
				8EA0472A229FAEC6001205A1 /* BWUITests.swift in Sources */,
			);
			runOnlyForDeploymentPostprocessing = 0;
		};
		8EA0472C229FAEC6001205A1 /* Sources */ = {
			isa = PBXSourcesBuildPhase;
			buildActionMask = 2147483647;
			files = (
				8EA04735229FAEC6001205A1 /* BWUIUITests.swift in Sources */,
			);
			runOnlyForDeploymentPostprocessing = 0;
		};
/* End PBXSourcesBuildPhase section */

/* Begin PBXTargetDependency section */
		8EA04727229FAEC6001205A1 /* PBXTargetDependency */ = {
			isa = PBXTargetDependency;
			target = 8EA04710229FAEC5001205A1 /* BWUI */;
			targetProxy = 8EA04726229FAEC6001205A1 /* PBXContainerItemProxy */;
		};
		8EA04732229FAEC6001205A1 /* PBXTargetDependency */ = {
			isa = PBXTargetDependency;
			target = 8EA04710229FAEC5001205A1 /* BWUI */;
			targetProxy = 8EA04731229FAEC6001205A1 /* PBXContainerItemProxy */;
		};
/* End PBXTargetDependency section */

/* Begin PBXVariantGroup section */
		8EA04718229FAEC5001205A1 /* Main.storyboard */ = {
			isa = PBXVariantGroup;
			children = (
				8EA04719229FAEC5001205A1 /* Base */,
			);
			name = Main.storyboard;
			sourceTree = "<group>";
		};
		8EA0471D229FAEC6001205A1 /* LaunchScreen.storyboard */ = {
			isa = PBXVariantGroup;
			children = (
				8EA0471E229FAEC6001205A1 /* Base */,
			);
			name = LaunchScreen.storyboard;
			sourceTree = "<group>";
		};
/* End PBXVariantGroup section */

/* Begin XCBuildConfiguration section */
		8EA04737229FAEC6001205A1 /* Debug */ = {
			isa = XCBuildConfiguration;
			buildSettings = {
				ALWAYS_SEARCH_USER_PATHS = NO;
				CLANG_ANALYZER_NONNULL = YES;
				CLANG_ANALYZER_NUMBER_OBJECT_CONVERSION = YES_AGGRESSIVE;
				CLANG_CXX_LANGUAGE_STANDARD = "gnu++14";
				CLANG_CXX_LIBRARY = "libc++";
				CLANG_ENABLE_MODULES = YES;
				CLANG_ENABLE_OBJC_ARC = YES;
				CLANG_ENABLE_OBJC_WEAK = YES;
				CLANG_WARN_BLOCK_CAPTURE_AUTORELEASING = YES;
				CLANG_WARN_BOOL_CONVERSION = YES;
				CLANG_WARN_COMMA = YES;
				CLANG_WARN_CONSTANT_CONVERSION = YES;
				CLANG_WARN_DEPRECATED_OBJC_IMPLEMENTATIONS = YES;
				CLANG_WARN_DIRECT_OBJC_ISA_USAGE = YES_ERROR;
				CLANG_WARN_DOCUMENTATION_COMMENTS = YES;
				CLANG_WARN_EMPTY_BODY = YES;
				CLANG_WARN_ENUM_CONVERSION = YES;
				CLANG_WARN_INFINITE_RECURSION = YES;
				CLANG_WARN_INT_CONVERSION = YES;
				CLANG_WARN_NON_LITERAL_NULL_CONVERSION = YES;
				CLANG_WARN_OBJC_IMPLICIT_RETAIN_SELF = YES;
				CLANG_WARN_OBJC_LITERAL_CONVERSION = YES;
				CLANG_WARN_OBJC_ROOT_CLASS = YES_ERROR;
				CLANG_WARN_RANGE_LOOP_ANALYSIS = YES;
				CLANG_WARN_STRICT_PROTOTYPES = YES;
				CLANG_WARN_SUSPICIOUS_MOVE = YES;
				CLANG_WARN_UNGUARDED_AVAILABILITY = YES_AGGRESSIVE;
				CLANG_WARN_UNREACHABLE_CODE = YES;
				CLANG_WARN__DUPLICATE_METHOD_MATCH = YES;
				CODE_SIGN_IDENTITY = "iPhone Developer";
				COPY_PHASE_STRIP = NO;
				DEBUG_INFORMATION_FORMAT = dwarf;
				ENABLE_STRICT_OBJC_MSGSEND = YES;
				ENABLE_TESTABILITY = YES;
				GCC_C_LANGUAGE_STANDARD = gnu11;
				GCC_DYNAMIC_NO_PIC = NO;
				GCC_NO_COMMON_BLOCKS = YES;
				GCC_OPTIMIZATION_LEVEL = 0;
				GCC_PREPROCESSOR_DEFINITIONS = (
					"DEBUG=1",
					"$(inherited)",
				);
				GCC_WARN_64_TO_32_BIT_CONVERSION = YES;
				GCC_WARN_ABOUT_RETURN_TYPE = YES_ERROR;
				GCC_WARN_UNDECLARED_SELECTOR = YES;
				GCC_WARN_UNINITIALIZED_AUTOS = YES_AGGRESSIVE;
				GCC_WARN_UNUSED_FUNCTION = YES;
				GCC_WARN_UNUSED_VARIABLE = YES;
				IPHONEOS_DEPLOYMENT_TARGET = 12.1;
				MTL_ENABLE_DEBUG_INFO = INCLUDE_SOURCE;
				MTL_FAST_MATH = YES;
				ONLY_ACTIVE_ARCH = YES;
				SDKROOT = iphoneos;
				SWIFT_ACTIVE_COMPILATION_CONDITIONS = DEBUG;
				SWIFT_OPTIMIZATION_LEVEL = "-Onone";
			};
			name = Debug;
		};
		8EA04738229FAEC6001205A1 /* Release */ = {
			isa = XCBuildConfiguration;
			buildSettings = {
				ALWAYS_SEARCH_USER_PATHS = NO;
				CLANG_ANALYZER_NONNULL = YES;
				CLANG_ANALYZER_NUMBER_OBJECT_CONVERSION = YES_AGGRESSIVE;
				CLANG_CXX_LANGUAGE_STANDARD = "gnu++14";
				CLANG_CXX_LIBRARY = "libc++";
				CLANG_ENABLE_MODULES = YES;
				CLANG_ENABLE_OBJC_ARC = YES;
				CLANG_ENABLE_OBJC_WEAK = YES;
				CLANG_WARN_BLOCK_CAPTURE_AUTORELEASING = YES;
				CLANG_WARN_BOOL_CONVERSION = YES;
				CLANG_WARN_COMMA = YES;
				CLANG_WARN_CONSTANT_CONVERSION = YES;
				CLANG_WARN_DEPRECATED_OBJC_IMPLEMENTATIONS = YES;
				CLANG_WARN_DIRECT_OBJC_ISA_USAGE = YES_ERROR;
				CLANG_WARN_DOCUMENTATION_COMMENTS = YES;
				CLANG_WARN_EMPTY_BODY = YES;
				CLANG_WARN_ENUM_CONVERSION = YES;
				CLANG_WARN_INFINITE_RECURSION = YES;
				CLANG_WARN_INT_CONVERSION = YES;
				CLANG_WARN_NON_LITERAL_NULL_CONVERSION = YES;
				CLANG_WARN_OBJC_IMPLICIT_RETAIN_SELF = YES;
				CLANG_WARN_OBJC_LITERAL_CONVERSION = YES;
				CLANG_WARN_OBJC_ROOT_CLASS = YES_ERROR;
				CLANG_WARN_RANGE_LOOP_ANALYSIS = YES;
				CLANG_WARN_STRICT_PROTOTYPES = YES;
				CLANG_WARN_SUSPICIOUS_MOVE = YES;
				CLANG_WARN_UNGUARDED_AVAILABILITY = YES_AGGRESSIVE;
				CLANG_WARN_UNREACHABLE_CODE = YES;
				CLANG_WARN__DUPLICATE_METHOD_MATCH = YES;
				CODE_SIGN_IDENTITY = "iPhone Developer";
				COPY_PHASE_STRIP = NO;
				DEBUG_INFORMATION_FORMAT = "dwarf-with-dsym";
				ENABLE_NS_ASSERTIONS = NO;
				ENABLE_STRICT_OBJC_MSGSEND = YES;
				GCC_C_LANGUAGE_STANDARD = gnu11;
				GCC_NO_COMMON_BLOCKS = YES;
				GCC_WARN_64_TO_32_BIT_CONVERSION = YES;
				GCC_WARN_ABOUT_RETURN_TYPE = YES_ERROR;
				GCC_WARN_UNDECLARED_SELECTOR = YES;
				GCC_WARN_UNINITIALIZED_AUTOS = YES_AGGRESSIVE;
				GCC_WARN_UNUSED_FUNCTION = YES;
				GCC_WARN_UNUSED_VARIABLE = YES;
				IPHONEOS_DEPLOYMENT_TARGET = 12.1;
				MTL_ENABLE_DEBUG_INFO = NO;
				MTL_FAST_MATH = YES;
				SDKROOT = iphoneos;
				SWIFT_COMPILATION_MODE = wholemodule;
				SWIFT_OPTIMIZATION_LEVEL = "-O";
				VALIDATE_PRODUCT = YES;
			};
			name = Release;
		};
		8EA0473A229FAEC6001205A1 /* Debug */ = {
			isa = XCBuildConfiguration;
			buildSettings = {
				ASSETCATALOG_COMPILER_APPICON_NAME = AppIcon;
				CODE_SIGN_STYLE = Automatic;
				INFOPLIST_FILE = BWUI/Info.plist;
				LD_RUNPATH_SEARCH_PATHS = (
					"$(inherited)",
					"@executable_path/Frameworks",
				);
				PRODUCT_BUNDLE_IDENTIFIER = Conduent.BWUI;
				PRODUCT_NAME = "$(TARGET_NAME)";
				SWIFT_VERSION = 4.2;
				TARGETED_DEVICE_FAMILY = "1,2";
			};
			name = Debug;
		};
		8EA0473B229FAEC6001205A1 /* Release */ = {
			isa = XCBuildConfiguration;
			buildSettings = {
				ASSETCATALOG_COMPILER_APPICON_NAME = AppIcon;
				CODE_SIGN_STYLE = Automatic;
				INFOPLIST_FILE = BWUI/Info.plist;
				LD_RUNPATH_SEARCH_PATHS = (
					"$(inherited)",
					"@executable_path/Frameworks",
				);
				PRODUCT_BUNDLE_IDENTIFIER = Conduent.BWUI;
				PRODUCT_NAME = "$(TARGET_NAME)";
				SWIFT_VERSION = 4.2;
				TARGETED_DEVICE_FAMILY = "1,2";
			};
			name = Release;
		};
		8EA0473D229FAEC6001205A1 /* Debug */ = {
			isa = XCBuildConfiguration;
			buildSettings = {
				ALWAYS_EMBED_SWIFT_STANDARD_LIBRARIES = YES;
				BUNDLE_LOADER = "$(TEST_HOST)";
				CODE_SIGN_STYLE = Automatic;
				INFOPLIST_FILE = BWUITests/Info.plist;
				LD_RUNPATH_SEARCH_PATHS = (
					"$(inherited)",
					"@executable_path/Frameworks",
					"@loader_path/Frameworks",
				);
				PRODUCT_BUNDLE_IDENTIFIER = Conduent.BWUITests;
				PRODUCT_NAME = "$(TARGET_NAME)";
				SWIFT_VERSION = 4.2;
				TARGETED_DEVICE_FAMILY = "1,2";
				TEST_HOST = "$(BUILT_PRODUCTS_DIR)/BWUI.app/BWUI";
			};
			name = Debug;
		};
		8EA0473E229FAEC6001205A1 /* Release */ = {
			isa = XCBuildConfiguration;
			buildSettings = {
				ALWAYS_EMBED_SWIFT_STANDARD_LIBRARIES = YES;
				BUNDLE_LOADER = "$(TEST_HOST)";
				CODE_SIGN_STYLE = Automatic;
				INFOPLIST_FILE = BWUITests/Info.plist;
				LD_RUNPATH_SEARCH_PATHS = (
					"$(inherited)",
					"@executable_path/Frameworks",
					"@loader_path/Frameworks",
				);
				PRODUCT_BUNDLE_IDENTIFIER = Conduent.BWUITests;
				PRODUCT_NAME = "$(TARGET_NAME)";
				SWIFT_VERSION = 4.2;
				TARGETED_DEVICE_FAMILY = "1,2";
				TEST_HOST = "$(BUILT_PRODUCTS_DIR)/BWUI.app/BWUI";
			};
			name = Release;
		};
		8EA04740229FAEC6001205A1 /* Debug */ = {
			isa = XCBuildConfiguration;
			buildSettings = {
				ALWAYS_EMBED_SWIFT_STANDARD_LIBRARIES = YES;
				CODE_SIGN_STYLE = Automatic;
				INFOPLIST_FILE = BWUIUITests/Info.plist;
				LD_RUNPATH_SEARCH_PATHS = (
					"$(inherited)",
					"@executable_path/Frameworks",
					"@loader_path/Frameworks",
				);
				PRODUCT_BUNDLE_IDENTIFIER = Conduent.BWUIUITests;
				PRODUCT_NAME = "$(TARGET_NAME)";
				SWIFT_VERSION = 4.2;
				TARGETED_DEVICE_FAMILY = "1,2";
				TEST_TARGET_NAME = BWUI;
			};
			name = Debug;
		};
		8EA04741229FAEC6001205A1 /* Release */ = {
			isa = XCBuildConfiguration;
			buildSettings = {
				ALWAYS_EMBED_SWIFT_STANDARD_LIBRARIES = YES;
				CODE_SIGN_STYLE = Automatic;
				INFOPLIST_FILE = BWUIUITests/Info.plist;
				LD_RUNPATH_SEARCH_PATHS = (
					"$(inherited)",
					"@executable_path/Frameworks",
					"@loader_path/Frameworks",
				);
				PRODUCT_BUNDLE_IDENTIFIER = Conduent.BWUIUITests;
				PRODUCT_NAME = "$(TARGET_NAME)";
				SWIFT_VERSION = 4.2;
				TARGETED_DEVICE_FAMILY = "1,2";
				TEST_TARGET_NAME = BWUI;
			};
			name = Release;
		};
/* End XCBuildConfiguration section */

/* Begin XCConfigurationList section */
		8EA0470C229FAEC5001205A1 /* Build configuration list for PBXProject "BWUI" */ = {
			isa = XCConfigurationList;
			buildConfigurations = (
				8EA04737229FAEC6001205A1 /* Debug */,
				8EA04738229FAEC6001205A1 /* Release */,
			);
			defaultConfigurationIsVisible = 0;
			defaultConfigurationName = Release;
		};
		8EA04739229FAEC6001205A1 /* Build configuration list for PBXNativeTarget "BWUI" */ = {
			isa = XCConfigurationList;
			buildConfigurations = (
				8EA0473A229FAEC6001205A1 /* Debug */,
				8EA0473B229FAEC6001205A1 /* Release */,
			);
			defaultConfigurationIsVisible = 0;
			defaultConfigurationName = Release;
		};
		8EA0473C229FAEC6001205A1 /* Build configuration list for PBXNativeTarget "BWUITests" */ = {
			isa = XCConfigurationList;
			buildConfigurations = (
				8EA0473D229FAEC6001205A1 /* Debug */,
				8EA0473E229FAEC6001205A1 /* Release */,
			);
			defaultConfigurationIsVisible = 0;
			defaultConfigurationName = Release;
		};
		8EA0473F229FAEC6001205A1 /* Build configuration list for PBXNativeTarget "BWUIUITests" */ = {
			isa = XCConfigurationList;
			buildConfigurations = (
				8EA04740229FAEC6001205A1 /* Debug */,
				8EA04741229FAEC6001205A1 /* Release */,
			);
			defaultConfigurationIsVisible = 0;
			defaultConfigurationName = Release;
		};
/* End XCConfigurationList section */
	};
	rootObject = 8EA04709229FAEC5001205A1 /* Project object */;
}
